<?xml version="1.0" encoding="utf-8"?>
<Project ToolsVersion="4.0" xmlns="http://schemas.microsoft.com/developer/msbuild/2003">
  <ItemGroup>
    <Filter Include="Исходные файлы">
      <UniqueIdentifier>{4FC737F1-C7A5-4376-A066-2A32D752A2FF}</UniqueIdentifier>
      <Extensions>cpp;c;cc;cxx;c++;cppm;ixx;def;odl;idl;hpj;bat;asm;asmx</Extensions>
    </Filter>
    <Filter Include="Файлы заголовков">
      <UniqueIdentifier>{93995380-89BD-4b04-88EB-625FBE52EBFB}</UniqueIdentifier>
      <Extensions>h;hh;hpp;hxx;h++;hm;inl;inc;ipp;xsd</Extensions>
    </Filter>
    <Filter Include="Файлы ресурсов">
      <UniqueIdentifier>{67DA6AB6-F800-4c08-8B7A-83BB121AAD01}</UniqueIdentifier>
      <Extensions>rc;ico;cur;bmp;dlg;rc2;rct;bin;rgs;gif;jpg;jpeg;jpe;resx;tiff;tif;png;wav;mfcribbon-ms</Extensions>
    </Filter>
    <Filter Include="EDS_server\Core">
      <UniqueIdentifier>{E0E1A5C6-B359-4E41-9B60-3365922CA832}</UniqueIdentifier>
    </Filter>
    <Filter Include="EDS_server\Core\interfaces">
      <UniqueIdentifier>{F0E1A5C6-B359-4E41-9B60-3365922CA832}</UniqueIdentifier>
    </Filter>
    <Filter Include="EDS_server\Core\managers">
      <UniqueIdentifier>{G0E1A5C6-B359-4E41-9B60-3365922CA832}</UniqueIdentifier>
    </Filter>
    <Filter Include="EDS_server\Core\managers\conference">
      <UniqueIdentifier>{H0E1A5C6-B359-4E41-9B60-3365922CA832}</UniqueIdentifier>
    </Filter>
    <Filter Include="EDS_server\Core\managers\handlers">
      <UniqueIdentifier>{I0E1A5C6-B359-4E41-9B60-3365922CA832}</UniqueIdentifier>
    </Filter>
    <Filter Include="EDS_server\Core\modules">
      <UniqueIdentifier>{J0E1A5C6-B359-4E41-9B60-3365922CA832}</UniqueIdentifier>
    </Filter>
    <Filter Include="EDS_server\Core\utils">
      <UniqueIdentifier>{K0E1A5C6-B359-4E41-9B60-3365922CA832}</UniqueIdentifier>
    </Filter>
  </ItemGroup>
  <ItemGroup>
    <Filter Include="EDS_server">
      <UniqueIdentifier>{D0E1A5C6-B359-4E41-9B60-3365922CA832}</UniqueIdentifier>
    </Filter>
  </ItemGroup>
  <ItemGroup>
    <ClCompile Include="core\cAppCore.cpp">
      <Filter>EDS_server\Core</Filter>
    </ClCompile>
    <ClCompile Include="crypto\cCryptoRtpProtector.cpp">
      <Filter>EDS_server\Core</Filter>
    </ClCompile>
    <ClCompile Include="eduspace_server.cpp">
      <Filter>EDS_server</Filter>
    </ClCompile>
    <ClCompile Include="json\cJsonSerializer.cpp">
      <Filter>EDS_server\Core</Filter>
    </ClCompile>
    <ClCompile Include="media\cMediaAudioDevice.cpp">
      <Filter>EDS_server\Core</Filter>
    </ClCompile>
    <ClCompile Include="media\cMediaOpusEncDec.cpp">
      <Filter>EDS_server\Core</Filter>
    </ClCompile>
    <ClCompile Include="media\cMediaPipeline.cpp">
      <Filter>EDS_server\Core</Filter>
    </ClCompile>
    <ClCompile Include="network\cNetHttpServer.cpp">
      <Filter>EDS_server\Core</Filter>
    </ClCompile>
    <ClCompile Include="network\cNetIoContext.cpp">
      <Filter>EDS_server\Core</Filter>
    </ClCompile>
    <ClCompile Include="network\cNetWebSocketServer.cpp">
      <Filter>EDS_server\Core</Filter>
    </ClCompile>
    <ClCompile Include="rtc\cRtcManager.cpp">
      <Filter>EDS_server\Core</Filter>
    </ClCompile>
    <ClCompile Include="rtc\cRtcPeer.cpp">
      <Filter>EDS_server\Core</Filter>
    </ClCompile>
    <ClCompile Include="util\cLogger.cpp">
      <Filter>EDS_server\Core\utils</Filter>
    </ClCompile>
    <ClCompile Include="conference\cConferenceManager.cpp">
      <Filter>EDS_server\Core\managers\conference</Filter>
    </ClCompile>
  </ItemGroup>
  <ItemGroup>
    <ClInclude Include="core\cAppCore.h">
      <Filter>EDS_server\Core</Filter>
    </ClInclude>
    <ClInclude Include="crypto\cCryptoRtpProtector.h">
      <Filter>EDS_server\Core</Filter>
    </ClInclude>
    <ClInclude Include="includes.h">
      <Filter>EDS_server\Core</Filter>
    </ClInclude>
    <ClInclude Include="json\cJsonSerializer.h">
      <Filter>EDS_server\Core</Filter>
    </ClInclude>
    <ClInclude Include="media\cMediaAudioDevice.h">
      <Filter>EDS_server\Core</Filter>
    </ClInclude>
    <ClInclude Include="media\cMediaOpusEncDec.h">
      <Filter>EDS_server\Core</Filter>
    </ClInclude>
    <ClInclude Include="media\cMediaPipeline.h">
      <Filter>EDS_server\Core</Filter>
    </ClInclude>
    <ClInclude Include="network\cNetHttpServer.h">
      <Filter>EDS_server\Core</Filter>
    </ClInclude>
    <ClInclude Include="network\cNetIoContext.h">
      <Filter>EDS_server\Core</Filter>
    </ClInclude>
    <ClInclude Include="network\cNetWebSocketServer.h">
      <Filter>EDS_server\Core</Filter>
    </ClInclude>
    <ClInclude Include="rtc\cRtcManager.h">
      <Filter>EDS_server\Core</Filter>
    </ClInclude>
    <ClInclude Include="rtc\cRtcPeer.h">
      <Filter>EDS_server\Core</Filter>
    </ClInclude>
    <ClInclude Include="util\cLogger.h">
      <Filter>EDS_server\Core\utils</Filter>
    </ClInclude>
    <ClInclude Include="conference\cConferenceManager.h">
      <Filter>EDS_server\Core\managers\conference</Filter>
    </ClInclude>
    <ClInclude Include="Sys\interfaces\iModule.h">
      <Filter>EDS_server\Core\interfaces</Filter>
    </ClInclude>
    <ClInclude Include="Sys\interfaces\iWsAction.h">
      <Filter>EDS_server\Core\interfaces</Filter>
    </ClInclude>
    <ClInclude Include="Sys\interfaces\iWsManagerModule.h">
      <Filter>EDS_server\Core\interfaces</Filter>
    </ClInclude>
    <ClInclude Include="Sys\modules\BaseModule.h">
      <Filter>EDS_server\Core\modules</Filter>
    </ClInclude>
    <ClInclude Include="Core\managers\ModuleRegistry.h">
      <Filter>EDS_server\Core\managers</Filter>
    </ClInclude>
  </ItemGroup>
  <ItemGroup>
    <None Include="packages.config">
      <Filter>EDS_server</Filter>
    </None>
  </ItemGroup>
</Project>