<?xml version="1.0" encoding="utf-8"?>
<Project ToolsVersion="4.0" xmlns="http://schemas.microsoft.com/developer/msbuild/2003">
  <ItemGroup>
    <Filter Include="Исходные файлы">
      <UniqueIdentifier>{4FC737F1-C7A5-4376-A066-2A32D752A2FF}</UniqueIdentifier>
      <Extensions>cpp;c;cc;cxx;c++;cppm;ixx;def;odl;idl;hpj;bat;asm;asmx</Extensions>
    </Filter>
    <Filter Include="Файлы заголовков">
      <UniqueIdentifier>{93995380-89BD-4b04-88EB-625FBE52EBFB}</UniqueIdentifier>
      <Extensions>h;hh;hpp;hxx;h++;hm;inl;inc;ipp;xsd</Extensions>
    </Filter>
    <Filter Include="Файлы ресурсов">
      <UniqueIdentifier>{67DA6AB6-F800-4c08-8B7A-83BB121AAD01}</UniqueIdentifier>
      <Extensions>rc;ico;cur;bmp;dlg;rc2;rct;bin;rgs;gif;jpg;jpeg;jpe;resx;tiff;tif;png;wav;mfcribbon-ms</Extensions>
    </Filter>
    <Filter Include="EDS_server\Core">
      <UniqueIdentifier>{E0E1A5C6-B359-4E41-9B60-3365922CA832}</UniqueIdentifier>
    </Filter>
    <Filter Include="EDS_server\Core\interfaces">
      <UniqueIdentifier>{F0E1A5C6-B359-4E41-9B60-3365922CA832}</UniqueIdentifier>
    </Filter>
    <Filter Include="EDS_server\Core\managers">
      <UniqueIdentifier>{G0E1A5C6-B359-4E41-9B60-3365922CA832}</UniqueIdentifier>
    </Filter>
    <Filter Include="EDS_server\Core\managers\handlers">
      <UniqueIdentifier>{I0E1A5C6-B359-4E41-9B60-3365922CA832}</UniqueIdentifier>
    </Filter>
    <Filter Include="EDS_server\Core\modules">
      <UniqueIdentifier>{J0E1A5C6-B359-4E41-9B60-3365922CA832}</UniqueIdentifier>
    </Filter>
    <Filter Include="EDS_server\utils">
      <UniqueIdentifier>{K0E1A5C6-B359-4E41-9B60-3365922CA832}</UniqueIdentifier>
    </Filter>
    <Filter Include="EDS_server\App">
      <UniqueIdentifier>{f21a9435-f719-4810-a399-42d1f2196306}</UniqueIdentifier>
    </Filter>
    <Filter Include="EDS_server\Network">
      <UniqueIdentifier>{a18a65de-9792-47fc-a0ff-4e23eea4b586}</UniqueIdentifier>
    </Filter>
    <Filter Include="EDS_server\rtc">
      <UniqueIdentifier>{53616b12-b66c-4407-b11c-496880287646}</UniqueIdentifier>
    </Filter>
    <Filter Include="EDS_server\media">
      <UniqueIdentifier>{531b77f0-7053-41c1-9558-23cd6ecebdb4}</UniqueIdentifier>
    </Filter>
    <Filter Include="EDS_server\App\feature">
      <UniqueIdentifier>{aeab6c2d-7f55-4873-8dd5-edf8aa0e653d}</UniqueIdentifier>
    </Filter>
  </ItemGroup>
  <ItemGroup>
    <Filter Include="EDS_server">
      <UniqueIdentifier>{D0E1A5C6-B359-4E41-9B60-3365922CA832}</UniqueIdentifier>
    </Filter>
  </ItemGroup>
  <ItemGroup>
    <ClCompile Include="eduspace_server.cpp">
      <Filter>EDS_server</Filter>
    </ClCompile>
    <ClCompile Include="Core\EventBus.h">
      <Filter>EDS_server\Core</Filter>
    </ClCompile>
    <ClCompile Include="App\cAppCore.cpp">
      <Filter>EDS_server\App</Filter>
    </ClCompile>
    <ClCompile Include="network\cNetHttpServer.cpp">
      <Filter>EDS_server\Network</Filter>
    </ClCompile>
    <ClCompile Include="network\cNetIoContext.cpp">
      <Filter>EDS_server\Network</Filter>
    </ClCompile>
    <ClCompile Include="network\cNetWebSocketServer.cpp">
      <Filter>EDS_server\Network</Filter>
    </ClCompile>
    <ClCompile Include="rtc\cRtcManager.cpp">
      <Filter>EDS_server\rtc</Filter>
    </ClCompile>
    <ClCompile Include="rtc\cRtcPeer.cpp">
      <Filter>EDS_server\rtc</Filter>
    </ClCompile>
    <ClCompile Include="media\cMediaAudioDevice.cpp">
      <Filter>EDS_server\media</Filter>
    </ClCompile>
    <ClCompile Include="media\cMediaOpusEncDec.cpp">
      <Filter>EDS_server\media</Filter>
    </ClCompile>
    <ClCompile Include="media\cMediaPipeline.cpp">
      <Filter>EDS_server\media</Filter>
    </ClCompile>
    <ClCompile Include="App\feature\cConferenceManager.cpp">
      <Filter>EDS_server\App\feature</Filter>
    </ClCompile>
    <ClCompile Include="Core\modules\BaseActionManager.cpp">
      <Filter>EDS_server\Core\modules</Filter>
    </ClCompile>
    <ClCompile Include="Core\modules\BaseModule.cpp">
      <Filter>EDS_server\Core\modules</Filter>
    </ClCompile>
    <ClCompile Include="Core\modules\BaseAction.cpp">
      <Filter>EDS_server\Core\modules</Filter>
    </ClCompile>
    <ClCompile Include="Core\EventBus.cpp">
      <Filter>EDS_server\Core</Filter>
    </ClCompile>
    <ClCompile Include="utils\cLogger.cpp">
      <Filter>EDS_server\utils</Filter>
    </ClCompile>
    <ClCompile Include="utils\fnWordGenerator.cpp">
      <Filter>EDS_server\utils</Filter>
    </ClCompile>
  </ItemGroup>
  <ItemGroup>
    <ClInclude Include="Core\managers\ModuleRegistry.h">
      <Filter>EDS_server\Core\managers</Filter>
    </ClInclude>
    <ClInclude Include="Core\interfaces\iModule.h">
      <Filter>EDS_server\Core\interfaces</Filter>
    </ClInclude>
    <ClInclude Include="Core\interfaces\iAction.h">
      <Filter>EDS_server\Core\interfaces</Filter>
    </ClInclude>
    <ClInclude Include="Core\interfaces\iActionManager.h">
      <Filter>EDS_server\Core\interfaces</Filter>
    </ClInclude>
    <ClInclude Include="App\cAppCore.h">
      <Filter>EDS_server\App</Filter>
    </ClInclude>
    <ClInclude Include="network\cNetHttpServer.h">
      <Filter>EDS_server\Network</Filter>
    </ClInclude>
    <ClInclude Include="network\cNetIoContext.h">
      <Filter>EDS_server\Network</Filter>
    </ClInclude>
    <ClInclude Include="network\cNetWebSocketServer.h">
      <Filter>EDS_server\Network</Filter>
    </ClInclude>
    <ClInclude Include="rtc\cRtcManager.h">
      <Filter>EDS_server\rtc</Filter>
    </ClInclude>
    <ClInclude Include="rtc\cRtcPeer.h">
      <Filter>EDS_server\rtc</Filter>
    </ClInclude>
    <ClInclude Include="media\cMediaAudioDevice.h">
      <Filter>EDS_server\media</Filter>
    </ClInclude>
    <ClInclude Include="media\cMediaOpusEncDec.h">
      <Filter>EDS_server\media</Filter>
    </ClInclude>
    <ClInclude Include="media\cMediaPipeline.h">
      <Filter>EDS_server\media</Filter>
    </ClInclude>
    <ClInclude Include="App\feature\cConferenceManager.h">
      <Filter>EDS_server\App\feature</Filter>
    </ClInclude>
    <ClInclude Include="App\wsFormat.h">
      <Filter>EDS_server\App</Filter>
    </ClInclude>
    <ClInclude Include="Core\modules\BaseActionManager.h">
      <Filter>EDS_server\Core\modules</Filter>
    </ClInclude>
    <ClInclude Include="Core\modules\BaseModule.h">
      <Filter>EDS_server\Core\modules</Filter>
    </ClInclude>
    <ClInclude Include="Core\modules\BaseAction.h">
      <Filter>EDS_server\Core\modules</Filter>
    </ClInclude>
    <ClInclude Include="utils\cLogger.h">
      <Filter>EDS_server\utils</Filter>
    </ClInclude>
    <ClInclude Include="utils\fnWordGenerator.h">
      <Filter>EDS_server\utils</Filter>
    </ClInclude>
    <ClInclude Include="utils\utils.h">
      <Filter>EDS_server\utils</Filter>
    </ClInclude>
  </ItemGroup>
  <ItemGroup>
    <None Include="packages.config">
      <Filter>EDS_server</Filter>
    </None>
  </ItemGroup>
</Project>